// !$*UTF8*$!
{
	archiveVersion = 1;
	classes = {
	};
	objectVersion = 51;
	objects = {

/* Begin PBXBuildFile section */
		9FEA5D6DECFD9D3AB43944B2 /* Pods_Reciplease.framework in Frameworks */ = {isa = PBXBuildFile; fileRef = 7DA4F81FDD29A3D09450977B /* Pods_Reciplease.framework */; };
		B116E0A723F5B0F000999B85 /* AppDelegate.swift in Sources */ = {isa = PBXBuildFile; fileRef = B116E0A623F5B0F000999B85 /* AppDelegate.swift */; };
		B116E0AC23F5B0F000999B85 /* Main.storyboard in Resources */ = {isa = PBXBuildFile; fileRef = B116E0AA23F5B0F000999B85 /* Main.storyboard */; };
		B116E0B123F5B0F100999B85 /* Assets.xcassets in Resources */ = {isa = PBXBuildFile; fileRef = B116E0B023F5B0F100999B85 /* Assets.xcassets */; };
		B116E0B423F5B0F100999B85 /* LaunchScreen.storyboard in Resources */ = {isa = PBXBuildFile; fileRef = B116E0B223F5B0F100999B85 /* LaunchScreen.storyboard */; };
		B116E0BC23F5B2A400999B85 /* SearchViewController.swift in Sources */ = {isa = PBXBuildFile; fileRef = B116E0BB23F5B2A400999B85 /* SearchViewController.swift */; };
		B116E0BE23F5B2C100999B85 /* FavoritesViewController.swift in Sources */ = {isa = PBXBuildFile; fileRef = B116E0BD23F5B2C100999B85 /* FavoritesViewController.swift */; };
		B116E0C423F5CC0A00999B85 /* TabBarControlViewController.swift in Sources */ = {isa = PBXBuildFile; fileRef = B116E0C323F5CC0A00999B85 /* TabBarControlViewController.swift */; };
		B116E0C623F5CCA000999B85 /* TabBar.swift in Sources */ = {isa = PBXBuildFile; fileRef = B116E0C523F5CCA000999B85 /* TabBar.swift */; };
		B12BCB852450FA75007D4470 /* CoreDataManagerTest.swift in Sources */ = {isa = PBXBuildFile; fileRef = B12BCB842450FA75007D4470 /* CoreDataManagerTest.swift */; };
		B12BCB872450FA9B007D4470 /* MockCoreData.swift in Sources */ = {isa = PBXBuildFile; fileRef = B12BCB862450FA9B007D4470 /* MockCoreData.swift */; };
		B13B5A6D2429154A00031018 /* Reciplease.xcdatamodeld in Sources */ = {isa = PBXBuildFile; fileRef = B13B5A6B2429154A00031018 /* Reciplease.xcdatamodeld */; };
		B13C2E212433B0BF00F1C694 /* CoreDataStack.swift in Sources */ = {isa = PBXBuildFile; fileRef = B13C2E202433B0BF00F1C694 /* CoreDataStack.swift */; };
		B13C2E232433B10C00F1C694 /* CoreDataManager.swift in Sources */ = {isa = PBXBuildFile; fileRef = B13C2E222433B10C00F1C694 /* CoreDataManager.swift */; };
		B13E40642407EF1E000754E4 /* DishesTableViewCell.swift in Sources */ = {isa = PBXBuildFile; fileRef = B13E40622407EF1E000754E4 /* DishesTableViewCell.swift */; };
		B13E40652407EF1E000754E4 /* DishesTableViewCell.xib in Resources */ = {isa = PBXBuildFile; fileRef = B13E40632407EF1E000754E4 /* DishesTableViewCell.xib */; };
		B13E40672407F382000754E4 /* DishesViewController.swift in Sources */ = {isa = PBXBuildFile; fileRef = B13E40662407F382000754E4 /* DishesViewController.swift */; };
		B142AD6D24405866009DFBEB /* String+Data.swift in Sources */ = {isa = PBXBuildFile; fileRef = B142AD6C24405866009DFBEB /* String+Data.swift */; };
		B15CFE9323FEED7400B8AE98 /* RecipeService.swift in Sources */ = {isa = PBXBuildFile; fileRef = B15CFE9223FEED7400B8AE98 /* RecipeService.swift */; };
		B15CFE9523FEF19D00B8AE98 /* RecipeStruct.swift in Sources */ = {isa = PBXBuildFile; fileRef = B15CFE9423FEF19D00B8AE98 /* RecipeStruct.swift */; };
		B15CFE9723FEF51B00B8AE98 /* RecipeSession.swift in Sources */ = {isa = PBXBuildFile; fileRef = B15CFE9623FEF51B00B8AE98 /* RecipeSession.swift */; };
		B172B33E2423774900480295 /* RecipeViewController.swift in Sources */ = {isa = PBXBuildFile; fileRef = B172B33D2423774900480295 /* RecipeViewController.swift */; };
		B17D7904245C054F00191E7C /* Int+ConvertTime.swift in Sources */ = {isa = PBXBuildFile; fileRef = B17D7903245C054F00191E7C /* Int+ConvertTime.swift */; };
/* End PBXBuildFile section */

/* Begin PBXContainerItemProxy section */
		B12BCB7F2450FA1D007D4470 /* PBXContainerItemProxy */ = {
			isa = PBXContainerItemProxy;
			containerPortal = B116E09B23F5B0F000999B85 /* Project object */;
			proxyType = 1;
			remoteGlobalIDString = B116E0A223F5B0F000999B85;
			remoteInfo = Reciplease;
		};
/* End PBXContainerItemProxy section */

/* Begin PBXFileReference section */
		08606D1391F5CF692689627A /* Pods-Reciplease.debug.xcconfig */ = {isa = PBXFileReference; includeInIndex = 1; lastKnownFileType = text.xcconfig; name = "Pods-Reciplease.debug.xcconfig"; path = "Target Support Files/Pods-Reciplease/Pods-Reciplease.debug.xcconfig"; sourceTree = "<group>"; };
		48534E5727C00582997257E2 /* Pods-Reciplease.release.xcconfig */ = {isa = PBXFileReference; includeInIndex = 1; lastKnownFileType = text.xcconfig; name = "Pods-Reciplease.release.xcconfig"; path = "Target Support Files/Pods-Reciplease/Pods-Reciplease.release.xcconfig"; sourceTree = "<group>"; };
		7DA4F81FDD29A3D09450977B /* Pods_Reciplease.framework */ = {isa = PBXFileReference; explicitFileType = wrapper.framework; includeInIndex = 0; path = Pods_Reciplease.framework; sourceTree = BUILT_PRODUCTS_DIR; };
		B116E0A323F5B0F000999B85 /* Reciplease.app */ = {isa = PBXFileReference; explicitFileType = wrapper.application; includeInIndex = 0; path = Reciplease.app; sourceTree = BUILT_PRODUCTS_DIR; };
		B116E0A623F5B0F000999B85 /* AppDelegate.swift */ = {isa = PBXFileReference; lastKnownFileType = sourcecode.swift; path = AppDelegate.swift; sourceTree = "<group>"; };
		B116E0AB23F5B0F000999B85 /* Base */ = {isa = PBXFileReference; lastKnownFileType = file.storyboard; name = Base; path = Base.lproj/Main.storyboard; sourceTree = "<group>"; };
		B116E0B023F5B0F100999B85 /* Assets.xcassets */ = {isa = PBXFileReference; lastKnownFileType = folder.assetcatalog; path = Assets.xcassets; sourceTree = "<group>"; };
		B116E0B323F5B0F100999B85 /* Base */ = {isa = PBXFileReference; lastKnownFileType = file.storyboard; name = Base; path = Base.lproj/LaunchScreen.storyboard; sourceTree = "<group>"; };
		B116E0B523F5B0F100999B85 /* Info.plist */ = {isa = PBXFileReference; lastKnownFileType = text.plist.xml; path = Info.plist; sourceTree = "<group>"; };
		B116E0BB23F5B2A400999B85 /* SearchViewController.swift */ = {isa = PBXFileReference; lastKnownFileType = sourcecode.swift; path = SearchViewController.swift; sourceTree = "<group>"; };
		B116E0BD23F5B2C100999B85 /* FavoritesViewController.swift */ = {isa = PBXFileReference; lastKnownFileType = sourcecode.swift; path = FavoritesViewController.swift; sourceTree = "<group>"; };
		B116E0C323F5CC0A00999B85 /* TabBarControlViewController.swift */ = {isa = PBXFileReference; lastKnownFileType = sourcecode.swift; path = TabBarControlViewController.swift; sourceTree = "<group>"; };
		B116E0C523F5CCA000999B85 /* TabBar.swift */ = {isa = PBXFileReference; lastKnownFileType = sourcecode.swift; path = TabBar.swift; sourceTree = "<group>"; };
		B12BCB7A2450FA1D007D4470 /* RecipleaseTests.xctest */ = {isa = PBXFileReference; explicitFileType = wrapper.cfbundle; includeInIndex = 0; path = RecipleaseTests.xctest; sourceTree = BUILT_PRODUCTS_DIR; };
		B12BCB7E2450FA1D007D4470 /* Info.plist */ = {isa = PBXFileReference; lastKnownFileType = text.plist.xml; path = Info.plist; sourceTree = "<group>"; };
		B12BCB842450FA75007D4470 /* CoreDataManagerTest.swift */ = {isa = PBXFileReference; lastKnownFileType = sourcecode.swift; path = CoreDataManagerTest.swift; sourceTree = "<group>"; };
		B12BCB862450FA9B007D4470 /* MockCoreData.swift */ = {isa = PBXFileReference; lastKnownFileType = sourcecode.swift; path = MockCoreData.swift; sourceTree = "<group>"; };
		B13B5A6C2429154A00031018 /* Reciplease.xcdatamodel */ = {isa = PBXFileReference; lastKnownFileType = wrapper.xcdatamodel; path = Reciplease.xcdatamodel; sourceTree = "<group>"; };
		B13C2E202433B0BF00F1C694 /* CoreDataStack.swift */ = {isa = PBXFileReference; lastKnownFileType = sourcecode.swift; path = CoreDataStack.swift; sourceTree = "<group>"; };
		B13C2E222433B10C00F1C694 /* CoreDataManager.swift */ = {isa = PBXFileReference; lastKnownFileType = sourcecode.swift; path = CoreDataManager.swift; sourceTree = "<group>"; };
		B13E40622407EF1E000754E4 /* DishesTableViewCell.swift */ = {isa = PBXFileReference; lastKnownFileType = sourcecode.swift; path = DishesTableViewCell.swift; sourceTree = "<group>"; };
		B13E40632407EF1E000754E4 /* DishesTableViewCell.xib */ = {isa = PBXFileReference; lastKnownFileType = file.xib; path = DishesTableViewCell.xib; sourceTree = "<group>"; };
		B13E40662407F382000754E4 /* DishesViewController.swift */ = {isa = PBXFileReference; lastKnownFileType = sourcecode.swift; name = DishesViewController.swift; path = Reciplease/Controller/Recipes/Search/DishesViewController.swift; sourceTree = SOURCE_ROOT; };
		B142AD6C24405866009DFBEB /* String+Data.swift */ = {isa = PBXFileReference; lastKnownFileType = sourcecode.swift; path = "String+Data.swift"; sourceTree = "<group>"; };
		B15CFE9223FEED7400B8AE98 /* RecipeService.swift */ = {isa = PBXFileReference; lastKnownFileType = sourcecode.swift; path = RecipeService.swift; sourceTree = "<group>"; };
		B15CFE9423FEF19D00B8AE98 /* RecipeStruct.swift */ = {isa = PBXFileReference; lastKnownFileType = sourcecode.swift; path = RecipeStruct.swift; sourceTree = "<group>"; };
		B15CFE9623FEF51B00B8AE98 /* RecipeSession.swift */ = {isa = PBXFileReference; lastKnownFileType = sourcecode.swift; path = RecipeSession.swift; sourceTree = "<group>"; };
		B172B33D2423774900480295 /* RecipeViewController.swift */ = {isa = PBXFileReference; fileEncoding = 4; lastKnownFileType = sourcecode.swift; path = RecipeViewController.swift; sourceTree = "<group>"; };
		B17D7903245C054F00191E7C /* Int+ConvertTime.swift */ = {isa = PBXFileReference; lastKnownFileType = sourcecode.swift; path = "Int+ConvertTime.swift"; sourceTree = "<group>"; };
/* End PBXFileReference section */

/* Begin PBXFrameworksBuildPhase section */
		B116E0A023F5B0F000999B85 /* Frameworks */ = {
			isa = PBXFrameworksBuildPhase;
			buildActionMask = 2147483647;
			files = (
				9FEA5D6DECFD9D3AB43944B2 /* Pods_Reciplease.framework in Frameworks */,
			);
			runOnlyForDeploymentPostprocessing = 0;
		};
		B12BCB772450FA1D007D4470 /* Frameworks */ = {
			isa = PBXFrameworksBuildPhase;
			buildActionMask = 2147483647;
			files = (
			);
			runOnlyForDeploymentPostprocessing = 0;
		};
/* End PBXFrameworksBuildPhase section */

/* Begin PBXGroup section */
		B116E09A23F5B0F000999B85 = {
			isa = PBXGroup;
			children = (
				B116E0A523F5B0F000999B85 /* Reciplease */,
				B116E0B523F5B0F100999B85 /* Info.plist */,
				B12BCB7B2450FA1D007D4470 /* RecipleaseTests */,
				B116E0A423F5B0F000999B85 /* Products */,
				B6AAD3926DD90E68B8D0D264 /* Pods */,
				B4FBB4514D87A76C27F59FEF /* Frameworks */,
			);
			sourceTree = "<group>";
		};
		B116E0A423F5B0F000999B85 /* Products */ = {
			isa = PBXGroup;
			children = (
				B116E0A323F5B0F000999B85 /* Reciplease.app */,
				B12BCB7A2450FA1D007D4470 /* RecipleaseTests.xctest */,
			);
			name = Products;
			sourceTree = "<group>";
		};
		B116E0A523F5B0F000999B85 /* Reciplease */ = {
			isa = PBXGroup;
			children = (
				B142AD6B24405845009DFBEB /* Extensions */,
				B159C38A23F8333C00C2B8CD /* Model */,
				B159C38923F8333600C2B8CD /* View */,
				B159C38823F8332C00C2B8CD /* Controller */,
				B159C38B23F8337E00C2B8CD /* Supporting files */,
			);
			path = Reciplease;
			sourceTree = "<group>";
		};
		B12BCB7B2450FA1D007D4470 /* RecipleaseTests */ = {
			isa = PBXGroup;
			children = (
				B12BCB7E2450FA1D007D4470 /* Info.plist */,
				B12BCB862450FA9B007D4470 /* MockCoreData.swift */,
				B12BCB842450FA75007D4470 /* CoreDataManagerTest.swift */,
			);
			path = RecipleaseTests;
			sourceTree = "<group>";
		};
		B142AD6B24405845009DFBEB /* Extensions */ = {
			isa = PBXGroup;
			children = (
				B142AD6C24405866009DFBEB /* String+Data.swift */,
				B17D7903245C054F00191E7C /* Int+ConvertTime.swift */,
			);
			path = Extensions;
			sourceTree = "<group>";
		};
		B159C38823F8332C00C2B8CD /* Controller */ = {
			isa = PBXGroup;
			children = (
				B15CFE9E23FF038900B8AE98 /* Recipes */,
				B15CFE9F23FF03BE00B8AE98 /* TabBarController */,
			);
			path = Controller;
			sourceTree = "<group>";
		};
		B159C38923F8333600C2B8CD /* View */ = {
			isa = PBXGroup;
			children = (
				B15CFE9A23FF032F00B8AE98 /* Storyboard */,
			);
			path = View;
			sourceTree = "<group>";
		};
		B159C38A23F8333C00C2B8CD /* Model */ = {
			isa = PBXGroup;
			children = (
				B15CFE9923FF02FA00B8AE98 /* RecipeModel */,
				B15CFE9823FF02E500B8AE98 /* TabBar */,
			);
			path = Model;
			sourceTree = "<group>";
		};
		B159C38B23F8337E00C2B8CD /* Supporting files */ = {
			isa = PBXGroup;
			children = (
				B116E0A623F5B0F000999B85 /* AppDelegate.swift */,
				B116E0B023F5B0F100999B85 /* Assets.xcassets */,
			);
			path = "Supporting files";
			sourceTree = "<group>";
		};
		B15CFE9823FF02E500B8AE98 /* TabBar */ = {
			isa = PBXGroup;
			children = (
				B116E0C523F5CCA000999B85 /* TabBar.swift */,
			);
			path = TabBar;
			sourceTree = "<group>";
		};
		B15CFE9923FF02FA00B8AE98 /* RecipeModel */ = {
			isa = PBXGroup;
			children = (
				B15CFE9423FEF19D00B8AE98 /* RecipeStruct.swift */,
				B13C2E202433B0BF00F1C694 /* CoreDataStack.swift */,
				B13C2E222433B10C00F1C694 /* CoreDataManager.swift */,
				B15CFE9623FEF51B00B8AE98 /* RecipeSession.swift */,
				B13B5A6B2429154A00031018 /* Reciplease.xcdatamodeld */,
				B15CFE9223FEED7400B8AE98 /* RecipeService.swift */,
			);
			path = RecipeModel;
			sourceTree = "<group>";
		};
		B15CFE9A23FF032F00B8AE98 /* Storyboard */ = {
			isa = PBXGroup;
			children = (
				B116E0AA23F5B0F000999B85 /* Main.storyboard */,
				B116E0B223F5B0F100999B85 /* LaunchScreen.storyboard */,
				B13E40622407EF1E000754E4 /* DishesTableViewCell.swift */,
				B13E40632407EF1E000754E4 /* DishesTableViewCell.xib */,
			);
			path = Storyboard;
			sourceTree = "<group>";
		};
		B15CFE9C23FF036500B8AE98 /* Search */ = {
			isa = PBXGroup;
			children = (
				B116E0BB23F5B2A400999B85 /* SearchViewController.swift */,
				B13E40662407F382000754E4 /* DishesViewController.swift */,
				B172B33D2423774900480295 /* RecipeViewController.swift */,
			);
			path = Search;
			sourceTree = "<group>";
		};
		B15CFE9D23FF037300B8AE98 /* Favorites */ = {
			isa = PBXGroup;
			children = (
				B116E0BD23F5B2C100999B85 /* FavoritesViewController.swift */,
			);
			path = Favorites;
			sourceTree = "<group>";
		};
		B15CFE9E23FF038900B8AE98 /* Recipes */ = {
			isa = PBXGroup;
			children = (
				B15CFE9D23FF037300B8AE98 /* Favorites */,
				B15CFE9C23FF036500B8AE98 /* Search */,
			);
			path = Recipes;
			sourceTree = "<group>";
		};
		B15CFE9F23FF03BE00B8AE98 /* TabBarController */ = {
			isa = PBXGroup;
			children = (
				B116E0C323F5CC0A00999B85 /* TabBarControlViewController.swift */,
			);
			path = TabBarController;
			sourceTree = "<group>";
		};
		B4FBB4514D87A76C27F59FEF /* Frameworks */ = {
			isa = PBXGroup;
			children = (
				7DA4F81FDD29A3D09450977B /* Pods_Reciplease.framework */,
			);
			name = Frameworks;
			sourceTree = "<group>";
		};
		B6AAD3926DD90E68B8D0D264 /* Pods */ = {
			isa = PBXGroup;
			children = (
				08606D1391F5CF692689627A /* Pods-Reciplease.debug.xcconfig */,
				48534E5727C00582997257E2 /* Pods-Reciplease.release.xcconfig */,
			);
			path = Pods;
			sourceTree = "<group>";
		};
/* End PBXGroup section */

/* Begin PBXNativeTarget section */
		B116E0A223F5B0F000999B85 /* Reciplease */ = {
			isa = PBXNativeTarget;
			buildConfigurationList = B116E0B823F5B0F100999B85 /* Build configuration list for PBXNativeTarget "Reciplease" */;
			buildPhases = (
				D2AFC035EB517D95593C1326 /* [CP] Check Pods Manifest.lock */,
				B116E09F23F5B0F000999B85 /* Sources */,
				B116E0A023F5B0F000999B85 /* Frameworks */,
				B116E0A123F5B0F000999B85 /* Resources */,
				24FCE44D1486C4AB5BE6EAA7 /* [CP] Embed Pods Frameworks */,
			);
			buildRules = (
			);
			dependencies = (
			);
			name = Reciplease;
			productName = Reciplease;
			productReference = B116E0A323F5B0F000999B85 /* Reciplease.app */;
			productType = "com.apple.product-type.application";
		};
		B12BCB792450FA1D007D4470 /* RecipleaseTests */ = {
			isa = PBXNativeTarget;
			buildConfigurationList = B12BCB812450FA1D007D4470 /* Build configuration list for PBXNativeTarget "RecipleaseTests" */;
			buildPhases = (
				B12BCB762450FA1D007D4470 /* Sources */,
				B12BCB772450FA1D007D4470 /* Frameworks */,
				B12BCB782450FA1D007D4470 /* Resources */,
			);
			buildRules = (
			);
			dependencies = (
				B12BCB802450FA1D007D4470 /* PBXTargetDependency */,
			);
			name = RecipleaseTests;
			productName = RecipleaseTests;
			productReference = B12BCB7A2450FA1D007D4470 /* RecipleaseTests.xctest */;
			productType = "com.apple.product-type.bundle.unit-test";
		};
/* End PBXNativeTarget section */

/* Begin PBXProject section */
		B116E09B23F5B0F000999B85 /* Project object */ = {
			isa = PBXProject;
			attributes = {
				LastSwiftUpdateCheck = 1130;
				LastUpgradeCheck = 1020;
				ORGANIZATIONNAME = "sayajin papuru";
				TargetAttributes = {
					B116E0A223F5B0F000999B85 = {
						CreatedOnToolsVersion = 10.2;
					};
					B12BCB792450FA1D007D4470 = {
						CreatedOnToolsVersion = 11.3.1;
						LastSwiftMigration = 1130;
						TestTargetID = B116E0A223F5B0F000999B85;
					};
				};
			};
			buildConfigurationList = B116E09E23F5B0F000999B85 /* Build configuration list for PBXProject "Reciplease" */;
			compatibilityVersion = "Xcode 9.3";
			developmentRegion = en;
			hasScannedForEncodings = 0;
			knownRegions = (
				en,
				Base,
			);
			mainGroup = B116E09A23F5B0F000999B85;
			productRefGroup = B116E0A423F5B0F000999B85 /* Products */;
			projectDirPath = "";
			projectRoot = "";
			targets = (
				B116E0A223F5B0F000999B85 /* Reciplease */,
				B12BCB792450FA1D007D4470 /* RecipleaseTests */,
			);
		};
/* End PBXProject section */

/* Begin PBXResourcesBuildPhase section */
		B116E0A123F5B0F000999B85 /* Resources */ = {
			isa = PBXResourcesBuildPhase;
			buildActionMask = 2147483647;
			files = (
				B116E0B423F5B0F100999B85 /* LaunchScreen.storyboard in Resources */,
				B116E0B123F5B0F100999B85 /* Assets.xcassets in Resources */,
				B116E0AC23F5B0F000999B85 /* Main.storyboard in Resources */,
				B13E40652407EF1E000754E4 /* DishesTableViewCell.xib in Resources */,
			);
			runOnlyForDeploymentPostprocessing = 0;
		};
		B12BCB782450FA1D007D4470 /* Resources */ = {
			isa = PBXResourcesBuildPhase;
			buildActionMask = 2147483647;
			files = (
			);
			runOnlyForDeploymentPostprocessing = 0;
		};
/* End PBXResourcesBuildPhase section */

/* Begin PBXShellScriptBuildPhase section */
		24FCE44D1486C4AB5BE6EAA7 /* [CP] Embed Pods Frameworks */ = {
			isa = PBXShellScriptBuildPhase;
			buildActionMask = 2147483647;
			files = (
			);
			inputFileListPaths = (
				"${PODS_ROOT}/Target Support Files/Pods-Reciplease/Pods-Reciplease-frameworks-${CONFIGURATION}-input-files.xcfilelist",
			);
			name = "[CP] Embed Pods Frameworks";
			outputFileListPaths = (
				"${PODS_ROOT}/Target Support Files/Pods-Reciplease/Pods-Reciplease-frameworks-${CONFIGURATION}-output-files.xcfilelist",
			);
			runOnlyForDeploymentPostprocessing = 0;
			shellPath = /bin/sh;
			shellScript = "\"${PODS_ROOT}/Target Support Files/Pods-Reciplease/Pods-Reciplease-frameworks.sh\"\n";
			showEnvVarsInLog = 0;
		};
		D2AFC035EB517D95593C1326 /* [CP] Check Pods Manifest.lock */ = {
			isa = PBXShellScriptBuildPhase;
			buildActionMask = 2147483647;
			files = (
			);
			inputFileListPaths = (
			);
			inputPaths = (
				"${PODS_PODFILE_DIR_PATH}/Podfile.lock",
				"${PODS_ROOT}/Manifest.lock",
			);
			name = "[CP] Check Pods Manifest.lock";
			outputFileListPaths = (
			);
			outputPaths = (
				"$(DERIVED_FILE_DIR)/Pods-Reciplease-checkManifestLockResult.txt",
			);
			runOnlyForDeploymentPostprocessing = 0;
			shellPath = /bin/sh;
			shellScript = "diff \"${PODS_PODFILE_DIR_PATH}/Podfile.lock\" \"${PODS_ROOT}/Manifest.lock\" > /dev/null\nif [ $? != 0 ] ; then\n    # print error to STDERR\n    echo \"error: The sandbox is not in sync with the Podfile.lock. Run 'pod install' or update your CocoaPods installation.\" >&2\n    exit 1\nfi\n# This output is used by Xcode 'outputs' to avoid re-running this script phase.\necho \"SUCCESS\" > \"${SCRIPT_OUTPUT_FILE_0}\"\n";
			showEnvVarsInLog = 0;
		};
/* End PBXShellScriptBuildPhase section */

/* Begin PBXSourcesBuildPhase section */
		B116E09F23F5B0F000999B85 /* Sources */ = {
			isa = PBXSourcesBuildPhase;
			buildActionMask = 2147483647;
			files = (
				B13B5A6D2429154A00031018 /* Reciplease.xcdatamodeld in Sources */,
				B15CFE9523FEF19D00B8AE98 /* RecipeStruct.swift in Sources */,
				B172B33E2423774900480295 /* RecipeViewController.swift in Sources */,
				B13E40642407EF1E000754E4 /* DishesTableViewCell.swift in Sources */,
				B116E0C423F5CC0A00999B85 /* TabBarControlViewController.swift in Sources */,
				B116E0BC23F5B2A400999B85 /* SearchViewController.swift in Sources */,
				B13C2E212433B0BF00F1C694 /* CoreDataStack.swift in Sources */,
				B15CFE9723FEF51B00B8AE98 /* RecipeSession.swift in Sources */,
				B116E0BE23F5B2C100999B85 /* FavoritesViewController.swift in Sources */,
				B15CFE9323FEED7400B8AE98 /* RecipeService.swift in Sources */,
				B142AD6D24405866009DFBEB /* String+Data.swift in Sources */,
				B116E0A723F5B0F000999B85 /* AppDelegate.swift in Sources */,
				B13E40672407F382000754E4 /* DishesViewController.swift in Sources */,
				B13C2E232433B10C00F1C694 /* CoreDataManager.swift in Sources */,
				B116E0C623F5CCA000999B85 /* TabBar.swift in Sources */,
				B17D7904245C054F00191E7C /* Int+ConvertTime.swift in Sources */,
			);
			runOnlyForDeploymentPostprocessing = 0;
		};
		B12BCB762450FA1D007D4470 /* Sources */ = {
			isa = PBXSourcesBuildPhase;
			buildActionMask = 2147483647;
			files = (
				B12BCB872450FA9B007D4470 /* MockCoreData.swift in Sources */,
				B12BCB852450FA75007D4470 /* CoreDataManagerTest.swift in Sources */,
			);
			runOnlyForDeploymentPostprocessing = 0;
		};
/* End PBXSourcesBuildPhase section */

/* Begin PBXTargetDependency section */
		B12BCB802450FA1D007D4470 /* PBXTargetDependency */ = {
			isa = PBXTargetDependency;
			target = B116E0A223F5B0F000999B85 /* Reciplease */;
			targetProxy = B12BCB7F2450FA1D007D4470 /* PBXContainerItemProxy */;
		};
/* End PBXTargetDependency section */

/* Begin PBXVariantGroup section */
		B116E0AA23F5B0F000999B85 /* Main.storyboard */ = {
			isa = PBXVariantGroup;
			children = (
				B116E0AB23F5B0F000999B85 /* Base */,
			);
			name = Main.storyboard;
			sourceTree = "<group>";
		};
		B116E0B223F5B0F100999B85 /* LaunchScreen.storyboard */ = {
			isa = PBXVariantGroup;
			children = (
				B116E0B323F5B0F100999B85 /* Base */,
			);
			name = LaunchScreen.storyboard;
			sourceTree = "<group>";
		};
/* End PBXVariantGroup section */

/* Begin XCBuildConfiguration section */
		B116E0B623F5B0F100999B85 /* Debug */ = {
			isa = XCBuildConfiguration;
			buildSettings = {
				ALWAYS_SEARCH_USER_PATHS = NO;
				CLANG_ANALYZER_NONNULL = YES;
				CLANG_ANALYZER_NUMBER_OBJECT_CONVERSION = YES_AGGRESSIVE;
				CLANG_CXX_LANGUAGE_STANDARD = "gnu++14";
				CLANG_CXX_LIBRARY = "libc++";
				CLANG_ENABLE_MODULES = YES;
				CLANG_ENABLE_OBJC_ARC = YES;
				CLANG_ENABLE_OBJC_WEAK = YES;
				CLANG_WARN_BLOCK_CAPTURE_AUTORELEASING = YES;
				CLANG_WARN_BOOL_CONVERSION = YES;
				CLANG_WARN_COMMA = YES;
				CLANG_WARN_CONSTANT_CONVERSION = YES;
				CLANG_WARN_DEPRECATED_OBJC_IMPLEMENTATIONS = YES;
				CLANG_WARN_DIRECT_OBJC_ISA_USAGE = YES_ERROR;
				CLANG_WARN_DOCUMENTATION_COMMENTS = YES;
				CLANG_WARN_EMPTY_BODY = YES;
				CLANG_WARN_ENUM_CONVERSION = YES;
				CLANG_WARN_INFINITE_RECURSION = YES;
				CLANG_WARN_INT_CONVERSION = YES;
				CLANG_WARN_NON_LITERAL_NULL_CONVERSION = YES;
				CLANG_WARN_OBJC_IMPLICIT_RETAIN_SELF = YES;
				CLANG_WARN_OBJC_LITERAL_CONVERSION = YES;
				CLANG_WARN_OBJC_ROOT_CLASS = YES_ERROR;
				CLANG_WARN_RANGE_LOOP_ANALYSIS = YES;
				CLANG_WARN_STRICT_PROTOTYPES = YES;
				CLANG_WARN_SUSPICIOUS_MOVE = YES;
				CLANG_WARN_UNGUARDED_AVAILABILITY = YES_AGGRESSIVE;
				CLANG_WARN_UNREACHABLE_CODE = YES;
				CLANG_WARN__DUPLICATE_METHOD_MATCH = YES;
				CODE_SIGN_IDENTITY = "iPhone Developer";
				COPY_PHASE_STRIP = NO;
				DEBUG_INFORMATION_FORMAT = dwarf;
				ENABLE_STRICT_OBJC_MSGSEND = YES;
				ENABLE_TESTABILITY = YES;
				GCC_C_LANGUAGE_STANDARD = gnu11;
				GCC_DYNAMIC_NO_PIC = NO;
				GCC_NO_COMMON_BLOCKS = YES;
				GCC_OPTIMIZATION_LEVEL = 0;
				GCC_PREPROCESSOR_DEFINITIONS = (
					"DEBUG=1",
					"$(inherited)",
				);
				GCC_WARN_64_TO_32_BIT_CONVERSION = YES;
				GCC_WARN_ABOUT_RETURN_TYPE = YES_ERROR;
				GCC_WARN_UNDECLARED_SELECTOR = YES;
				GCC_WARN_UNINITIALIZED_AUTOS = YES_AGGRESSIVE;
				GCC_WARN_UNUSED_FUNCTION = YES;
				GCC_WARN_UNUSED_VARIABLE = YES;
				IPHONEOS_DEPLOYMENT_TARGET = 12.2;
				MTL_ENABLE_DEBUG_INFO = INCLUDE_SOURCE;
				MTL_FAST_MATH = YES;
				ONLY_ACTIVE_ARCH = YES;
				SDKROOT = iphoneos;
				SWIFT_ACTIVE_COMPILATION_CONDITIONS = DEBUG;
				SWIFT_OPTIMIZATION_LEVEL = "-Onone";
			};
			name = Debug;
		};
		B116E0B723F5B0F100999B85 /* Release */ = {
			isa = XCBuildConfiguration;
			buildSettings = {
				ALWAYS_SEARCH_USER_PATHS = NO;
				CLANG_ANALYZER_NONNULL = YES;
				CLANG_ANALYZER_NUMBER_OBJECT_CONVERSION = YES_AGGRESSIVE;
				CLANG_CXX_LANGUAGE_STANDARD = "gnu++14";
				CLANG_CXX_LIBRARY = "libc++";
				CLANG_ENABLE_MODULES = YES;
				CLANG_ENABLE_OBJC_ARC = YES;
				CLANG_ENABLE_OBJC_WEAK = YES;
				CLANG_WARN_BLOCK_CAPTURE_AUTORELEASING = YES;
				CLANG_WARN_BOOL_CONVERSION = YES;
				CLANG_WARN_COMMA = YES;
				CLANG_WARN_CONSTANT_CONVERSION = YES;
				CLANG_WARN_DEPRECATED_OBJC_IMPLEMENTATIONS = YES;
				CLANG_WARN_DIRECT_OBJC_ISA_USAGE = YES_ERROR;
				CLANG_WARN_DOCUMENTATION_COMMENTS = YES;
				CLANG_WARN_EMPTY_BODY = YES;
				CLANG_WARN_ENUM_CONVERSION = YES;
				CLANG_WARN_INFINITE_RECURSION = YES;
				CLANG_WARN_INT_CONVERSION = YES;
				CLANG_WARN_NON_LITERAL_NULL_CONVERSION = YES;
				CLANG_WARN_OBJC_IMPLICIT_RETAIN_SELF = YES;
				CLANG_WARN_OBJC_LITERAL_CONVERSION = YES;
				CLANG_WARN_OBJC_ROOT_CLASS = YES_ERROR;
				CLANG_WARN_RANGE_LOOP_ANALYSIS = YES;
				CLANG_WARN_STRICT_PROTOTYPES = YES;
				CLANG_WARN_SUSPICIOUS_MOVE = YES;
				CLANG_WARN_UNGUARDED_AVAILABILITY = YES_AGGRESSIVE;
				CLANG_WARN_UNREACHABLE_CODE = YES;
				CLANG_WARN__DUPLICATE_METHOD_MATCH = YES;
				CODE_SIGN_IDENTITY = "iPhone Developer";
				COPY_PHASE_STRIP = NO;
				DEBUG_INFORMATION_FORMAT = "dwarf-with-dsym";
				ENABLE_NS_ASSERTIONS = NO;
				ENABLE_STRICT_OBJC_MSGSEND = YES;
				GCC_C_LANGUAGE_STANDARD = gnu11;
				GCC_NO_COMMON_BLOCKS = YES;
				GCC_WARN_64_TO_32_BIT_CONVERSION = YES;
				GCC_WARN_ABOUT_RETURN_TYPE = YES_ERROR;
				GCC_WARN_UNDECLARED_SELECTOR = YES;
				GCC_WARN_UNINITIALIZED_AUTOS = YES_AGGRESSIVE;
				GCC_WARN_UNUSED_FUNCTION = YES;
				GCC_WARN_UNUSED_VARIABLE = YES;
				IPHONEOS_DEPLOYMENT_TARGET = 12.2;
				MTL_ENABLE_DEBUG_INFO = NO;
				MTL_FAST_MATH = YES;
				SDKROOT = iphoneos;
				SWIFT_COMPILATION_MODE = wholemodule;
				SWIFT_OPTIMIZATION_LEVEL = "-O";
				VALIDATE_PRODUCT = YES;
			};
			name = Release;
		};
		B116E0B923F5B0F100999B85 /* Debug */ = {
			isa = XCBuildConfiguration;
			baseConfigurationReference = 08606D1391F5CF692689627A /* Pods-Reciplease.debug.xcconfig */;
			buildSettings = {
				ASSETCATALOG_COMPILER_APPICON_NAME = AppIcon;
				CODE_SIGN_STYLE = Automatic;
				DEVELOPMENT_TEAM = 6ST64UKQV4;
				INFOPLIST_FILE = "$(SRCROOT)/Info.plist";
				LD_RUNPATH_SEARCH_PATHS = (
					"$(inherited)",
					"@executable_path/Frameworks",
				);
				PRODUCT_BUNDLE_IDENTIFIER = com.SayajinPapuru.Reciplease;
				PRODUCT_NAME = "$(TARGET_NAME)";
				SWIFT_VERSION = 5.0;
				TARGETED_DEVICE_FAMILY = "1,2";
			};
			name = Debug;
		};
		B116E0BA23F5B0F100999B85 /* Release */ = {
			isa = XCBuildConfiguration;
			baseConfigurationReference = 48534E5727C00582997257E2 /* Pods-Reciplease.release.xcconfig */;
			buildSettings = {
				ASSETCATALOG_COMPILER_APPICON_NAME = AppIcon;
				CODE_SIGN_STYLE = Automatic;
				DEVELOPMENT_TEAM = 6ST64UKQV4;
				INFOPLIST_FILE = "$(SRCROOT)/Info.plist";
				LD_RUNPATH_SEARCH_PATHS = (
					"$(inherited)",
					"@executable_path/Frameworks",
				);
				PRODUCT_BUNDLE_IDENTIFIER = com.SayajinPapuru.Reciplease;
				PRODUCT_NAME = "$(TARGET_NAME)";
				SWIFT_VERSION = 5.0;
				TARGETED_DEVICE_FAMILY = "1,2";
			};
			name = Release;
		};
		B12BCB822450FA1D007D4470 /* Debug */ = {
			isa = XCBuildConfiguration;
			buildSettings = {
				BUNDLE_LOADER = "$(TEST_HOST)";
				CLANG_ENABLE_MODULES = YES;
				CODE_SIGN_STYLE = Automatic;
				DEVELOPMENT_TEAM = 6ST64UKQV4;
				INFOPLIST_FILE = RecipleaseTests/Info.plist;
				IPHONEOS_DEPLOYMENT_TARGET = 13.2;
				LD_RUNPATH_SEARCH_PATHS = (
					"$(inherited)",
					"@executable_path/Frameworks",
					"@loader_path/Frameworks",
				);
				PRODUCT_BUNDLE_IDENTIFIER = com.SayajinPapuru.RecipleaseTests;
				PRODUCT_NAME = "$(TARGET_NAME)";
				SWIFT_OPTIMIZATION_LEVEL = "-Onone";
				SWIFT_VERSION = 5.0;
				TARGETED_DEVICE_FAMILY = "1,2";
				TEST_HOST = "$(BUILT_PRODUCTS_DIR)/Reciplease.app/Reciplease";
			};
			name = Debug;
		};
		B12BCB832450FA1D007D4470 /* Release */ = {
			isa = XCBuildConfiguration;
			buildSettings = {
				BUNDLE_LOADER = "$(TEST_HOST)";
				CLANG_ENABLE_MODULES = YES;
				CODE_SIGN_STYLE = Automatic;
				DEVELOPMENT_TEAM = 6ST64UKQV4;
				INFOPLIST_FILE = RecipleaseTests/Info.plist;
				IPHONEOS_DEPLOYMENT_TARGET = 13.2;
				LD_RUNPATH_SEARCH_PATHS = (
					"$(inherited)",
					"@executable_path/Frameworks",
					"@loader_path/Frameworks",
				);
				PRODUCT_BUNDLE_IDENTIFIER = com.SayajinPapuru.RecipleaseTests;
				PRODUCT_NAME = "$(TARGET_NAME)";
				SWIFT_VERSION = 5.0;
				TARGETED_DEVICE_FAMILY = "1,2";
				TEST_HOST = "$(BUILT_PRODUCTS_DIR)/Reciplease.app/Reciplease";
			};
			name = Release;
		};
/* End XCBuildConfiguration section */

/* Begin XCConfigurationList section */
		B116E09E23F5B0F000999B85 /* Build configuration list for PBXProject "Reciplease" */ = {
			isa = XCConfigurationList;
			buildConfigurations = (
				B116E0B623F5B0F100999B85 /* Debug */,
				B116E0B723F5B0F100999B85 /* Release */,
			);
			defaultConfigurationIsVisible = 0;
			defaultConfigurationName = Release;
		};
		B116E0B823F5B0F100999B85 /* Build configuration list for PBXNativeTarget "Reciplease" */ = {
			isa = XCConfigurationList;
			buildConfigurations = (
				B116E0B923F5B0F100999B85 /* Debug */,
				B116E0BA23F5B0F100999B85 /* Release */,
			);
			defaultConfigurationIsVisible = 0;
			defaultConfigurationName = Release;
		};
		B12BCB812450FA1D007D4470 /* Build configuration list for PBXNativeTarget "RecipleaseTests" */ = {
			isa = XCConfigurationList;
			buildConfigurations = (
				B12BCB822450FA1D007D4470 /* Debug */,
				B12BCB832450FA1D007D4470 /* Release */,
			);
			defaultConfigurationIsVisible = 0;
			defaultConfigurationName = Release;
		};
/* End XCConfigurationList section */

/* Begin XCVersionGroup section */
		B13B5A6B2429154A00031018 /* Reciplease.xcdatamodeld */ = {
			isa = XCVersionGroup;
			children = (
				B13B5A6C2429154A00031018 /* Reciplease.xcdatamodel */,
			);
			currentVersion = B13B5A6C2429154A00031018 /* Reciplease.xcdatamodel */;
			path = Reciplease.xcdatamodeld;
			sourceTree = "<group>";
			versionGroupType = wrapper.xcdatamodel;
		};
/* End XCVersionGroup section */
	};
	rootObject = B116E09B23F5B0F000999B85 /* Project object */;
}
