// !$*UTF8*$!
{
	archiveVersion = 1;
	classes = {
	};
	objectVersion = 50;
	objects = {

/* Begin PBXBuildFile section */
		B116E0A723F5B0F000999B85 /* AppDelegate.swift in Sources */ = {isa = PBXBuildFile; fileRef = B116E0A623F5B0F000999B85 /* AppDelegate.swift */; };
		B116E0AC23F5B0F000999B85 /* Main.storyboard in Resources */ = {isa = PBXBuildFile; fileRef = B116E0AA23F5B0F000999B85 /* Main.storyboard */; };
		B116E0AF23F5B0F000999B85 /* Reciplease.xcdatamodeld in Sources */ = {isa = PBXBuildFile; fileRef = B116E0AD23F5B0F000999B85 /* Reciplease.xcdatamodeld */; };
		B116E0B123F5B0F100999B85 /* Assets.xcassets in Resources */ = {isa = PBXBuildFile; fileRef = B116E0B023F5B0F100999B85 /* Assets.xcassets */; };
		B116E0B423F5B0F100999B85 /* LaunchScreen.storyboard in Resources */ = {isa = PBXBuildFile; fileRef = B116E0B223F5B0F100999B85 /* LaunchScreen.storyboard */; };
		B116E0BC23F5B2A400999B85 /* SearchViewController.swift in Sources */ = {isa = PBXBuildFile; fileRef = B116E0BB23F5B2A400999B85 /* SearchViewController.swift */; };
		B116E0BE23F5B2C100999B85 /* FavoritesViewController.swift in Sources */ = {isa = PBXBuildFile; fileRef = B116E0BD23F5B2C100999B85 /* FavoritesViewController.swift */; };
		B116E0C023F5C46500999B85 /* RecipesViewController.swift in Sources */ = {isa = PBXBuildFile; fileRef = B116E0BF23F5C46500999B85 /* RecipesViewController.swift */; };
		B116E0C423F5CC0A00999B85 /* TabBarControlViewController.swift in Sources */ = {isa = PBXBuildFile; fileRef = B116E0C323F5CC0A00999B85 /* TabBarControlViewController.swift */; };
		B116E0C623F5CCA000999B85 /* TabBar.swift in Sources */ = {isa = PBXBuildFile; fileRef = B116E0C523F5CCA000999B85 /* TabBar.swift */; };
/* End PBXBuildFile section */

/* Begin PBXFileReference section */
		B116E0A323F5B0F000999B85 /* Reciplease.app */ = {isa = PBXFileReference; explicitFileType = wrapper.application; includeInIndex = 0; path = Reciplease.app; sourceTree = BUILT_PRODUCTS_DIR; };
		B116E0A623F5B0F000999B85 /* AppDelegate.swift */ = {isa = PBXFileReference; lastKnownFileType = sourcecode.swift; path = AppDelegate.swift; sourceTree = "<group>"; };
		B116E0AB23F5B0F000999B85 /* Base */ = {isa = PBXFileReference; lastKnownFileType = file.storyboard; name = Base; path = Base.lproj/Main.storyboard; sourceTree = "<group>"; };
		B116E0AE23F5B0F000999B85 /* Reciplease.xcdatamodel */ = {isa = PBXFileReference; lastKnownFileType = wrapper.xcdatamodel; path = Reciplease.xcdatamodel; sourceTree = "<group>"; };
		B116E0B023F5B0F100999B85 /* Assets.xcassets */ = {isa = PBXFileReference; lastKnownFileType = folder.assetcatalog; path = Assets.xcassets; sourceTree = "<group>"; };
		B116E0B323F5B0F100999B85 /* Base */ = {isa = PBXFileReference; lastKnownFileType = file.storyboard; name = Base; path = Base.lproj/LaunchScreen.storyboard; sourceTree = "<group>"; };
		B116E0B523F5B0F100999B85 /* Info.plist */ = {isa = PBXFileReference; lastKnownFileType = text.plist.xml; path = Info.plist; sourceTree = "<group>"; };
		B116E0BB23F5B2A400999B85 /* SearchViewController.swift */ = {isa = PBXFileReference; lastKnownFileType = sourcecode.swift; path = SearchViewController.swift; sourceTree = "<group>"; };
		B116E0BD23F5B2C100999B85 /* FavoritesViewController.swift */ = {isa = PBXFileReference; lastKnownFileType = sourcecode.swift; path = FavoritesViewController.swift; sourceTree = "<group>"; };
		B116E0BF23F5C46500999B85 /* RecipesViewController.swift */ = {isa = PBXFileReference; lastKnownFileType = sourcecode.swift; path = RecipesViewController.swift; sourceTree = "<group>"; };
		B116E0C323F5CC0A00999B85 /* TabBarControlViewController.swift */ = {isa = PBXFileReference; lastKnownFileType = sourcecode.swift; path = TabBarControlViewController.swift; sourceTree = "<group>"; };
		B116E0C523F5CCA000999B85 /* TabBar.swift */ = {isa = PBXFileReference; lastKnownFileType = sourcecode.swift; path = TabBar.swift; sourceTree = "<group>"; };
/* End PBXFileReference section */

/* Begin PBXFrameworksBuildPhase section */
		B116E0A023F5B0F000999B85 /* Frameworks */ = {
			isa = PBXFrameworksBuildPhase;
			buildActionMask = 2147483647;
			files = (
			);
			runOnlyForDeploymentPostprocessing = 0;
		};
/* End PBXFrameworksBuildPhase section */

/* Begin PBXGroup section */
		B116E09A23F5B0F000999B85 = {
			isa = PBXGroup;
			children = (
				B116E0A523F5B0F000999B85 /* Reciplease */,
				B116E0B523F5B0F100999B85 /* Info.plist */,
				B116E0A423F5B0F000999B85 /* Products */,
			);
			sourceTree = "<group>";
		};
		B116E0A423F5B0F000999B85 /* Products */ = {
			isa = PBXGroup;
			children = (
				B116E0A323F5B0F000999B85 /* Reciplease.app */,
			);
			name = Products;
			sourceTree = "<group>";
		};
		B116E0A523F5B0F000999B85 /* Reciplease */ = {
			isa = PBXGroup;
			children = (
				B159C38A23F8333C00C2B8CD /* Model */,
				B159C38923F8333600C2B8CD /* View */,
				B159C38823F8332C00C2B8CD /* Controller */,
				B159C38B23F8337E00C2B8CD /* Supporting files */,
			);
			path = Reciplease;
			sourceTree = "<group>";
		};
		B159C38823F8332C00C2B8CD /* Controller */ = {
			isa = PBXGroup;
			children = (
				B116E0BB23F5B2A400999B85 /* SearchViewController.swift */,
				B116E0BD23F5B2C100999B85 /* FavoritesViewController.swift */,
				B116E0C323F5CC0A00999B85 /* TabBarControlViewController.swift */,
				B116E0BF23F5C46500999B85 /* RecipesViewController.swift */,
			);
			path = Controller;
			sourceTree = "<group>";
		};
		B159C38923F8333600C2B8CD /* View */ = {
			isa = PBXGroup;
			children = (
				B116E0AA23F5B0F000999B85 /* Main.storyboard */,
				B116E0B223F5B0F100999B85 /* LaunchScreen.storyboard */,
			);
			path = View;
			sourceTree = "<group>";
		};
		B159C38A23F8333C00C2B8CD /* Model */ = {
			isa = PBXGroup;
			children = (
				B116E0C523F5CCA000999B85 /* TabBar.swift */,
			);
			path = Model;
			sourceTree = "<group>";
		};
		B159C38B23F8337E00C2B8CD /* Supporting files */ = {
			isa = PBXGroup;
			children = (
				B116E0A623F5B0F000999B85 /* AppDelegate.swift */,
				B116E0B023F5B0F100999B85 /* Assets.xcassets */,
				B116E0AD23F5B0F000999B85 /* Reciplease.xcdatamodeld */,
			);
			path = "Supporting files";
			sourceTree = "<group>";
		};
/* End PBXGroup section */

/* Begin PBXNativeTarget section */
		B116E0A223F5B0F000999B85 /* Reciplease */ = {
			isa = PBXNativeTarget;
			buildConfigurationList = B116E0B823F5B0F100999B85 /* Build configuration list for PBXNativeTarget "Reciplease" */;
			buildPhases = (
				B116E09F23F5B0F000999B85 /* Sources */,
				B116E0A023F5B0F000999B85 /* Frameworks */,
				B116E0A123F5B0F000999B85 /* Resources */,
			);
			buildRules = (
			);
			dependencies = (
			);
			name = Reciplease;
			productName = Reciplease;
			productReference = B116E0A323F5B0F000999B85 /* Reciplease.app */;
			productType = "com.apple.product-type.application";
		};
/* End PBXNativeTarget section */

/* Begin PBXProject section */
		B116E09B23F5B0F000999B85 /* Project object */ = {
			isa = PBXProject;
			attributes = {
				LastSwiftUpdateCheck = 1020;
				LastUpgradeCheck = 1020;
				ORGANIZATIONNAME = "sayajin papuru";
				TargetAttributes = {
					B116E0A223F5B0F000999B85 = {
						CreatedOnToolsVersion = 10.2;
					};
				};
			};
			buildConfigurationList = B116E09E23F5B0F000999B85 /* Build configuration list for PBXProject "Reciplease" */;
			compatibilityVersion = "Xcode 9.3";
			developmentRegion = en;
			hasScannedForEncodings = 0;
			knownRegions = (
				en,
				Base,
			);
			mainGroup = B116E09A23F5B0F000999B85;
			productRefGroup = B116E0A423F5B0F000999B85 /* Products */;
			projectDirPath = "";
			projectRoot = "";
			targets = (
				B116E0A223F5B0F000999B85 /* Reciplease */,
			);
		};
/* End PBXProject section */

/* Begin PBXResourcesBuildPhase section */
		B116E0A123F5B0F000999B85 /* Resources */ = {
			isa = PBXResourcesBuildPhase;
			buildActionMask = 2147483647;
			files = (
				B116E0B423F5B0F100999B85 /* LaunchScreen.storyboard in Resources */,
				B116E0B123F5B0F100999B85 /* Assets.xcassets in Resources */,
				B116E0AC23F5B0F000999B85 /* Main.storyboard in Resources */,
			);
			runOnlyForDeploymentPostprocessing = 0;
		};
/* End PBXResourcesBuildPhase section */

/* Begin PBXSourcesBuildPhase section */
		B116E09F23F5B0F000999B85 /* Sources */ = {
			isa = PBXSourcesBuildPhase;
			buildActionMask = 2147483647;
			files = (
				B116E0C423F5CC0A00999B85 /* TabBarControlViewController.swift in Sources */,
				B116E0BC23F5B2A400999B85 /* SearchViewController.swift in Sources */,
				B116E0AF23F5B0F000999B85 /* Reciplease.xcdatamodeld in Sources */,
				B116E0BE23F5B2C100999B85 /* FavoritesViewController.swift in Sources */,
				B116E0C023F5C46500999B85 /* RecipesViewController.swift in Sources */,
				B116E0A723F5B0F000999B85 /* AppDelegate.swift in Sources */,
				B116E0C623F5CCA000999B85 /* TabBar.swift in Sources */,
			);
			runOnlyForDeploymentPostprocessing = 0;
		};
/* End PBXSourcesBuildPhase section */

/* Begin PBXVariantGroup section */
		B116E0AA23F5B0F000999B85 /* Main.storyboard */ = {
			isa = PBXVariantGroup;
			children = (
				B116E0AB23F5B0F000999B85 /* Base */,
			);
			name = Main.storyboard;
			sourceTree = "<group>";
		};
		B116E0B223F5B0F100999B85 /* LaunchScreen.storyboard */ = {
			isa = PBXVariantGroup;
			children = (
				B116E0B323F5B0F100999B85 /* Base */,
			);
			name = LaunchScreen.storyboard;
			sourceTree = "<group>";
		};
/* End PBXVariantGroup section */

/* Begin XCBuildConfiguration section */
		B116E0B623F5B0F100999B85 /* Debug */ = {
			isa = XCBuildConfiguration;
			buildSettings = {
				ALWAYS_SEARCH_USER_PATHS = NO;
				CLANG_ANALYZER_NONNULL = YES;
				CLANG_ANALYZER_NUMBER_OBJECT_CONVERSION = YES_AGGRESSIVE;
				CLANG_CXX_LANGUAGE_STANDARD = "gnu++14";
				CLANG_CXX_LIBRARY = "libc++";
				CLANG_ENABLE_MODULES = YES;
				CLANG_ENABLE_OBJC_ARC = YES;
				CLANG_ENABLE_OBJC_WEAK = YES;
				CLANG_WARN_BLOCK_CAPTURE_AUTORELEASING = YES;
				CLANG_WARN_BOOL_CONVERSION = YES;
				CLANG_WARN_COMMA = YES;
				CLANG_WARN_CONSTANT_CONVERSION = YES;
				CLANG_WARN_DEPRECATED_OBJC_IMPLEMENTATIONS = YES;
				CLANG_WARN_DIRECT_OBJC_ISA_USAGE = YES_ERROR;
				CLANG_WARN_DOCUMENTATION_COMMENTS = YES;
				CLANG_WARN_EMPTY_BODY = YES;
				CLANG_WARN_ENUM_CONVERSION = YES;
				CLANG_WARN_INFINITE_RECURSION = YES;
				CLANG_WARN_INT_CONVERSION = YES;
				CLANG_WARN_NON_LITERAL_NULL_CONVERSION = YES;
				CLANG_WARN_OBJC_IMPLICIT_RETAIN_SELF = YES;
				CLANG_WARN_OBJC_LITERAL_CONVERSION = YES;
				CLANG_WARN_OBJC_ROOT_CLASS = YES_ERROR;
				CLANG_WARN_RANGE_LOOP_ANALYSIS = YES;
				CLANG_WARN_STRICT_PROTOTYPES = YES;
				CLANG_WARN_SUSPICIOUS_MOVE = YES;
				CLANG_WARN_UNGUARDED_AVAILABILITY = YES_AGGRESSIVE;
				CLANG_WARN_UNREACHABLE_CODE = YES;
				CLANG_WARN__DUPLICATE_METHOD_MATCH = YES;
				CODE_SIGN_IDENTITY = "iPhone Developer";
				COPY_PHASE_STRIP = NO;
				DEBUG_INFORMATION_FORMAT = dwarf;
				ENABLE_STRICT_OBJC_MSGSEND = YES;
				ENABLE_TESTABILITY = YES;
				GCC_C_LANGUAGE_STANDARD = gnu11;
				GCC_DYNAMIC_NO_PIC = NO;
				GCC_NO_COMMON_BLOCKS = YES;
				GCC_OPTIMIZATION_LEVEL = 0;
				GCC_PREPROCESSOR_DEFINITIONS = (
					"DEBUG=1",
					"$(inherited)",
				);
				GCC_WARN_64_TO_32_BIT_CONVERSION = YES;
				GCC_WARN_ABOUT_RETURN_TYPE = YES_ERROR;
				GCC_WARN_UNDECLARED_SELECTOR = YES;
				GCC_WARN_UNINITIALIZED_AUTOS = YES_AGGRESSIVE;
				GCC_WARN_UNUSED_FUNCTION = YES;
				GCC_WARN_UNUSED_VARIABLE = YES;
				IPHONEOS_DEPLOYMENT_TARGET = 12.2;
				MTL_ENABLE_DEBUG_INFO = INCLUDE_SOURCE;
				MTL_FAST_MATH = YES;
				ONLY_ACTIVE_ARCH = YES;
				SDKROOT = iphoneos;
				SWIFT_ACTIVE_COMPILATION_CONDITIONS = DEBUG;
				SWIFT_OPTIMIZATION_LEVEL = "-Onone";
			};
			name = Debug;
		};
		B116E0B723F5B0F100999B85 /* Release */ = {
			isa = XCBuildConfiguration;
			buildSettings = {
				ALWAYS_SEARCH_USER_PATHS = NO;
				CLANG_ANALYZER_NONNULL = YES;
				CLANG_ANALYZER_NUMBER_OBJECT_CONVERSION = YES_AGGRESSIVE;
				CLANG_CXX_LANGUAGE_STANDARD = "gnu++14";
				CLANG_CXX_LIBRARY = "libc++";
				CLANG_ENABLE_MODULES = YES;
				CLANG_ENABLE_OBJC_ARC = YES;
				CLANG_ENABLE_OBJC_WEAK = YES;
				CLANG_WARN_BLOCK_CAPTURE_AUTORELEASING = YES;
				CLANG_WARN_BOOL_CONVERSION = YES;
				CLANG_WARN_COMMA = YES;
				CLANG_WARN_CONSTANT_CONVERSION = YES;
				CLANG_WARN_DEPRECATED_OBJC_IMPLEMENTATIONS = YES;
				CLANG_WARN_DIRECT_OBJC_ISA_USAGE = YES_ERROR;
				CLANG_WARN_DOCUMENTATION_COMMENTS = YES;
				CLANG_WARN_EMPTY_BODY = YES;
				CLANG_WARN_ENUM_CONVERSION = YES;
				CLANG_WARN_INFINITE_RECURSION = YES;
				CLANG_WARN_INT_CONVERSION = YES;
				CLANG_WARN_NON_LITERAL_NULL_CONVERSION = YES;
				CLANG_WARN_OBJC_IMPLICIT_RETAIN_SELF = YES;
				CLANG_WARN_OBJC_LITERAL_CONVERSION = YES;
				CLANG_WARN_OBJC_ROOT_CLASS = YES_ERROR;
				CLANG_WARN_RANGE_LOOP_ANALYSIS = YES;
				CLANG_WARN_STRICT_PROTOTYPES = YES;
				CLANG_WARN_SUSPICIOUS_MOVE = YES;
				CLANG_WARN_UNGUARDED_AVAILABILITY = YES_AGGRESSIVE;
				CLANG_WARN_UNREACHABLE_CODE = YES;
				CLANG_WARN__DUPLICATE_METHOD_MATCH = YES;
				CODE_SIGN_IDENTITY = "iPhone Developer";
				COPY_PHASE_STRIP = NO;
				DEBUG_INFORMATION_FORMAT = "dwarf-with-dsym";
				ENABLE_NS_ASSERTIONS = NO;
				ENABLE_STRICT_OBJC_MSGSEND = YES;
				GCC_C_LANGUAGE_STANDARD = gnu11;
				GCC_NO_COMMON_BLOCKS = YES;
				GCC_WARN_64_TO_32_BIT_CONVERSION = YES;
				GCC_WARN_ABOUT_RETURN_TYPE = YES_ERROR;
				GCC_WARN_UNDECLARED_SELECTOR = YES;
				GCC_WARN_UNINITIALIZED_AUTOS = YES_AGGRESSIVE;
				GCC_WARN_UNUSED_FUNCTION = YES;
				GCC_WARN_UNUSED_VARIABLE = YES;
				IPHONEOS_DEPLOYMENT_TARGET = 12.2;
				MTL_ENABLE_DEBUG_INFO = NO;
				MTL_FAST_MATH = YES;
				SDKROOT = iphoneos;
				SWIFT_COMPILATION_MODE = wholemodule;
				SWIFT_OPTIMIZATION_LEVEL = "-O";
				VALIDATE_PRODUCT = YES;
			};
			name = Release;
		};
		B116E0B923F5B0F100999B85 /* Debug */ = {
			isa = XCBuildConfiguration;
			buildSettings = {
				ASSETCATALOG_COMPILER_APPICON_NAME = AppIcon;
				CODE_SIGN_STYLE = Automatic;
				DEVELOPMENT_TEAM = 6ST64UKQV4;
				INFOPLIST_FILE = "$(SRCROOT)/Info.plist";
				LD_RUNPATH_SEARCH_PATHS = (
					"$(inherited)",
					"@executable_path/Frameworks",
				);
				PRODUCT_BUNDLE_IDENTIFIER = com.SayajinPapuru.Reciplease;
				PRODUCT_NAME = "$(TARGET_NAME)";
				SWIFT_VERSION = 5.0;
				TARGETED_DEVICE_FAMILY = "1,2";
			};
			name = Debug;
		};
		B116E0BA23F5B0F100999B85 /* Release */ = {
			isa = XCBuildConfiguration;
			buildSettings = {
				ASSETCATALOG_COMPILER_APPICON_NAME = AppIcon;
				CODE_SIGN_STYLE = Automatic;
				DEVELOPMENT_TEAM = 6ST64UKQV4;
				INFOPLIST_FILE = "$(SRCROOT)/Info.plist";
				LD_RUNPATH_SEARCH_PATHS = (
					"$(inherited)",
					"@executable_path/Frameworks",
				);
				PRODUCT_BUNDLE_IDENTIFIER = com.SayajinPapuru.Reciplease;
				PRODUCT_NAME = "$(TARGET_NAME)";
				SWIFT_VERSION = 5.0;
				TARGETED_DEVICE_FAMILY = "1,2";
			};
			name = Release;
		};
/* End XCBuildConfiguration section */

/* Begin XCConfigurationList section */
		B116E09E23F5B0F000999B85 /* Build configuration list for PBXProject "Reciplease" */ = {
			isa = XCConfigurationList;
			buildConfigurations = (
				B116E0B623F5B0F100999B85 /* Debug */,
				B116E0B723F5B0F100999B85 /* Release */,
			);
			defaultConfigurationIsVisible = 0;
			defaultConfigurationName = Release;
		};
		B116E0B823F5B0F100999B85 /* Build configuration list for PBXNativeTarget "Reciplease" */ = {
			isa = XCConfigurationList;
			buildConfigurations = (
				B116E0B923F5B0F100999B85 /* Debug */,
				B116E0BA23F5B0F100999B85 /* Release */,
			);
			defaultConfigurationIsVisible = 0;
			defaultConfigurationName = Release;
		};
/* End XCConfigurationList section */

/* Begin XCVersionGroup section */
		B116E0AD23F5B0F000999B85 /* Reciplease.xcdatamodeld */ = {
			isa = XCVersionGroup;
			children = (
				B116E0AE23F5B0F000999B85 /* Reciplease.xcdatamodel */,
			);
			currentVersion = B116E0AE23F5B0F000999B85 /* Reciplease.xcdatamodel */;
			path = Reciplease.xcdatamodeld;
			sourceTree = "<group>";
			versionGroupType = wrapper.xcdatamodel;
		};
/* End XCVersionGroup section */
	};
	rootObject = B116E09B23F5B0F000999B85 /* Project object */;
}
